
Microsoft Visual Studio Solution File, Format Version 12.00
# Visual Studio 14
VisualStudioVersion = 14.0.23107.0
MinimumVisualStudioVersion = 10.0.40219.1
Project("{E24C65DC-7377-472B-9ABA-BC803B73C61A}") = "DTSU-BootstrapWebsite(2)", "http://localhost:64879", "{A7362251-EBEB-4A26-8683-5DD2A8A1D5A8}"
	ProjectSection(WebsiteProperties) = preProject
		UseIISExpress = "true"
		TargetFrameworkMoniker = ".NETFramework,Version%3Dv4.0"
		Debug.AspNetCompiler.VirtualPath = "/localhost_64879"
		Debug.AspNetCompiler.PhysicalPath = "..\DTSU-BootstrapWebsite\"
		Debug.AspNetCompiler.TargetPath = "PrecompiledWeb\localhost_64879\"
		Debug.AspNetCompiler.Updateable = "true"
		Debug.AspNetCompiler.ForceOverwrite = "true"
		Debug.AspNetCompiler.FixedNames = "false"
		Debug.AspNetCompiler.Debug = "True"
		Release.AspNetCompiler.VirtualPath = "/localhost_64879"
		Release.AspNetCompiler.PhysicalPath = "..\DTSU-BootstrapWebsite\"
		Release.AspNetCompiler.TargetPath = "PrecompiledWeb\localhost_64879\"
		Release.AspNetCompiler.Updateable = "true"
		Release.AspNetCompiler.ForceOverwrite = "true"
		Release.AspNetCompiler.FixedNames = "false"
		Release.AspNetCompiler.Debug = "False"
		SlnRelativePath = "..\DTSU-BootstrapWebsite\"
	EndProjectSection
EndProject
Project("{E24C65DC-7377-472B-9ABA-BC803B73C61A}") = "software-dtsu(2)", "http://localhost:64881", "{677DB148-EBA6-4383-AB0A-850705FE42E2}"
	ProjectSection(WebsiteProperties) = preProject
		UseIISExpress = "true"
		TargetFrameworkMoniker = ".NETFramework,Version%3Dv4.0"
		Debug.AspNetCompiler.VirtualPath = "/localhost_64881"
		Debug.AspNetCompiler.PhysicalPath = "..\software-dtsu\"
		Debug.AspNetCompiler.TargetPath = "PrecompiledWeb\localhost_64881\"
		Debug.AspNetCompiler.Updateable = "true"
		Debug.AspNetCompiler.ForceOverwrite = "true"
		Debug.AspNetCompiler.FixedNames = "false"
		Debug.AspNetCompiler.Debug = "True"
		Release.AspNetCompiler.VirtualPath = "/localhost_64881"
		Release.AspNetCompiler.PhysicalPath = "..\software-dtsu\"
		Release.AspNetCompiler.TargetPath = "PrecompiledWeb\localhost_64881\"
		Release.AspNetCompiler.Updateable = "true"
		Release.AspNetCompiler.ForceOverwrite = "true"
		Release.AspNetCompiler.FixedNames = "false"
		Release.AspNetCompiler.Debug = "False"
		SlnRelativePath = "..\software-dtsu\"
	EndProjectSection
EndProject
Project("{E24C65DC-7377-472B-9ABA-BC803B73C61A}") = "devteam-dtsu", "http://localhost:65120", "{A7D2F70E-2FD4-40BF-86EB-8CCEE04B22B0}"
	ProjectSection(WebsiteProperties) = preProject
		UseIISExpress = "true"
		TargetFrameworkMoniker = ".NETFramework,Version%3Dv4.0"
		Debug.AspNetCompiler.VirtualPath = "/localhost_65120"
		Debug.AspNetCompiler.PhysicalPath = "..\devteam-dtsu\"
		Debug.AspNetCompiler.TargetPath = "PrecompiledWeb\localhost_65120\"
		Debug.AspNetCompiler.Updateable = "true"
		Debug.AspNetCompiler.ForceOverwrite = "true"
		Debug.AspNetCompiler.FixedNames = "false"
		Debug.AspNetCompiler.Debug = "True"
		Release.AspNetCompiler.VirtualPath = "/localhost_65120"
		Release.AspNetCompiler.PhysicalPath = "..\devteam-dtsu\"
		Release.AspNetCompiler.TargetPath = "PrecompiledWeb\localhost_65120\"
		Release.AspNetCompiler.Updateable = "true"
		Release.AspNetCompiler.ForceOverwrite = "true"
		Release.AspNetCompiler.FixedNames = "false"
		Release.AspNetCompiler.Debug = "False"
		SlnRelativePath = "..\devteam-dtsu\"
	EndProjectSection
EndProject
Project("{2150E333-8FDC-42A3-9474-1A3956D46DE8}") = "Solution Items", "Solution Items", "{4CBEFF4A-B6F6-4D31-BAC3-A10798DF8A47}"
	ProjectSection(SolutionItems) = preProject
		WE-Palette.css = WE-Palette.css
	EndProjectSection
EndProject
Project("{E24C65DC-7377-472B-9ABA-BC803B73C61A}") = "devteam-dtsu2", "..\devteam-dtsu2\", "{97B8A3BA-333F-4854-BD66-18232E3B497D}"
	ProjectSection(WebsiteProperties) = preProject
		TargetFrameworkMoniker = ".NETFramework,Version%3Dv4.0"
		Debug.AspNetCompiler.VirtualPath = "/localhost_58564"
		Debug.AspNetCompiler.PhysicalPath = "..\devteam-dtsu2\"
		Debug.AspNetCompiler.TargetPath = "PrecompiledWeb\localhost_58564\"
		Debug.AspNetCompiler.Updateable = "true"
		Debug.AspNetCompiler.ForceOverwrite = "true"
		Debug.AspNetCompiler.FixedNames = "false"
		Debug.AspNetCompiler.Debug = "True"
		Release.AspNetCompiler.VirtualPath = "/localhost_58564"
		Release.AspNetCompiler.PhysicalPath = "..\devteam-dtsu2\"
		Release.AspNetCompiler.TargetPath = "PrecompiledWeb\localhost_58564\"
		Release.AspNetCompiler.Updateable = "true"
		Release.AspNetCompiler.ForceOverwrite = "true"
		Release.AspNetCompiler.FixedNames = "false"
		Release.AspNetCompiler.Debug = "False"
		VWDPort = "58564"
		SlnRelativePath = "..\devteam-dtsu2\"
	EndProjectSection
EndProject
Global
	GlobalSection(SolutionConfigurationPlatforms) = preSolution
		Debug|Any CPU = Debug|Any CPU
	EndGlobalSection
	GlobalSection(ProjectConfigurationPlatforms) = postSolution
		{A7362251-EBEB-4A26-8683-5DD2A8A1D5A8}.Debug|Any CPU.ActiveCfg = Debug|Any CPU
		{A7362251-EBEB-4A26-8683-5DD2A8A1D5A8}.Debug|Any CPU.Build.0 = Debug|Any CPU
		{677DB148-EBA6-4383-AB0A-850705FE42E2}.Debug|Any CPU.ActiveCfg = Debug|Any CPU
		{677DB148-EBA6-4383-AB0A-850705FE42E2}.Debug|Any CPU.Build.0 = Debug|Any CPU
		{A7D2F70E-2FD4-40BF-86EB-8CCEE04B22B0}.Debug|Any CPU.ActiveCfg = Debug|Any CPU
		{A7D2F70E-2FD4-40BF-86EB-8CCEE04B22B0}.Debug|Any CPU.Build.0 = Debug|Any CPU
		{97B8A3BA-333F-4854-BD66-18232E3B497D}.Debug|Any CPU.ActiveCfg = Debug|Any CPU
		{97B8A3BA-333F-4854-BD66-18232E3B497D}.Debug|Any CPU.Build.0 = Debug|Any CPU
	EndGlobalSection
	GlobalSection(SolutionProperties) = preSolution
		HideSolutionNode = FALSE
	EndGlobalSection
EndGlobal
